# THIS IS AN AUTOGENERATED FILE. DO NOT EDIT THIS FILE DIRECTLY.
# yarn lockfile v1


"@google/maps@^0.3.1":
  version "0.3.1"
  resolved "https://registry.yarnpkg.com/@google/maps/-/maps-0.3.1.tgz#3f10303033e53d3fc7bb9d6268de2266803bf781"

async@^2.2.0:
  version "2.2.0"
  resolved "https://registry.yarnpkg.com/async/-/async-2.2.0.tgz#c324eba010a237e4fbd55a12dee86367d5c0ef32"
  dependencies:
    lodash "^4.14.0"

bluebird@^3.5.0:
  version "3.5.0"
  resolved "https://registry.yarnpkg.com/bluebird/-/bluebird-3.5.0.tgz#791420d7f551eea2897453a8a77653f96606d67c"

lodash@^4.14.0:
  version "4.17.4"
  resolved "https://registry.yarnpkg.com/lodash/-/lodash-4.17.4.tgz#78203a4d1c328ae1d86dca6460e369b57f4055ae"
